// !$*UTF8*$!
{
	archiveVersion = 1;
	classes = {
	};
	objectVersion = 77;
	objects = {

/* Begin PBXBuildFile section */
		5B9675142F72071C00205001 /* AutorotaKit in Frameworks */ = {isa = PBXBuildFile; productRef = 5B9675132F72071C00205001 /* AutorotaKit */; };
		5B9675252F72075A00205001 /* RotaViewModel.swift in Sources */ = {isa = PBXBuildFile; fileRef = 5B9675172F72075A00205001 /* RotaViewModel.swift */; };
		5B9675262F72075A00205001 /* ShiftTemplateViewModel.swift in Sources */ = {isa = PBXBuildFile; fileRef = 5B9675182F72075A00205001 /* ShiftTemplateViewModel.swift */; };
		5B9675272F72075A00205001 /* EmployeeViewModel.swift in Sources */ = {isa = PBXBuildFile; fileRef = 5B9675162F72075A00205001 /* EmployeeViewModel.swift */; };
		5B9675302F72075A00205001 /* RoleViewModel.swift in Sources */ = {isa = PBXBuildFile; fileRef = 5B9675312F72075A00205001 /* RoleViewModel.swift */; };
		CC0001012F80000000205001 /* AutorotaServiceProtocol.swift in Sources */ = {isa = PBXBuildFile; fileRef = CC0001032F80000000205001 /* AutorotaServiceProtocol.swift */; };
		CC0001013200000000205001 /* AccessibilityPalette.swift in Sources */ = {isa = PBXBuildFile; fileRef = CC0001023200000000205001 /* AccessibilityPalette.swift */; };
		CC0001022F80000000205001 /* LiveAutorotaService.swift in Sources */ = {isa = PBXBuildFile; fileRef = CC0001042F80000000205001 /* LiveAutorotaService.swift */; };
		CC0003012F80000000205001 /* OverrideViewModel.swift in Sources */ = {isa = PBXBuildFile; fileRef = CC0003022F80000000205001 /* OverrideViewModel.swift */; };
		CC0005012F80000000205001 /* ShiftHistoryViewModel.swift in Sources */ = {isa = PBXBuildFile; fileRef = CC0005022F80000000205001 /* ShiftHistoryViewModel.swift */; };
		CC0007012FA0000000205001 /* ExchangeRateService.swift in Sources */ = {isa = PBXBuildFile; fileRef = CC0007022FA0000000205001 /* ExchangeRateService.swift */; };
		CC0009012FC0000000205001 /* AutorotaSyncEngine.swift in Sources */ = {isa = PBXBuildFile; fileRef = CC0009022FC0000000205001 /* AutorotaSyncEngine.swift */; };
		CC0009032FC0000000205001 /* SyncRecordMapper.swift in Sources */ = {isa = PBXBuildFile; fileRef = CC0009042FC0000000205001 /* SyncRecordMapper.swift */; };
		CC0009052FC0000000205001 /* SyncConflictResolver.swift in Sources */ = {isa = PBXBuildFile; fileRef = CC0009062FC0000000205001 /* SyncConflictResolver.swift */; };
		CC0010012FD0000000205001 /* EditLogViewModel.swift in Sources */ = {isa = PBXBuildFile; fileRef = CC0010022FD0000000205001 /* EditLogViewModel.swift */; };
		CC0012012FF0000000205001 /* AnalyticsViewModel.swift in Sources */ = {isa = PBXBuildFile; fileRef = CC0012022FF0000000205001 /* AnalyticsViewModel.swift */; };
		CC0014013000000000205001 /* EmployeeExportViewModel.swift in Sources */ = {isa = PBXBuildFile; fileRef = CC0014023000000000205001 /* EmployeeExportViewModel.swift */; };
		CC0016013020000000205001 /* AvailabilityProgressViewModel.swift in Sources */ = {isa = PBXBuildFile; fileRef = CC0016023020000000205001 /* AvailabilityProgressViewModel.swift */; };
		CC0017013030000000205001 /* FfiError+UserMessage.swift in Sources */ = {isa = PBXBuildFile; fileRef = CC0017023030000000205001 /* FfiError+UserMessage.swift */; };
		CC0020013060000000205001 /* PhoneNumberFormatter.swift in Sources */ = {isa = PBXBuildFile; fileRef = CC0020023060000000205001 /* PhoneNumberFormatter.swift */; };
		CC0024013100000000205001 /* BulkSendSettings.swift in Sources */ = {isa = PBXBuildFile; fileRef = CC0024023100000000205001 /* BulkSendSettings.swift */; };
		CC0025013100000000205001 /* MessageBodyBuilder.swift in Sources */ = {isa = PBXBuildFile; fileRef = CC0025023100000000205001 /* MessageBodyBuilder.swift */; };
		CC0026013100000000205001 /* BulkSendDispatcher.swift in Sources */ = {isa = PBXBuildFile; fileRef = CC0026023100000000205001 /* BulkSendDispatcher.swift */; };
		CC0027013040000000205001 /* LocaleManager.swift in Sources */ = {isa = PBXBuildFile; fileRef = CC0027023040000000205001 /* LocaleManager.swift */; };
		CC0040013110000000205001 /* Tier.swift in Sources */ = {isa = PBXBuildFile; fileRef = CC0040023110000000205001 /* Tier.swift */; };
		CC0041013110000000205001 /* KeychainStore.swift in Sources */ = {isa = PBXBuildFile; fileRef = CC0041023110000000205001 /* KeychainStore.swift */; };
		CC0042013110000000205001 /* LicenseGate.swift in Sources */ = {isa = PBXBuildFile; fileRef = CC0042023110000000205001 /* LicenseGate.swift */; };
		CC0043013110000000205001 /* LicenseBackend.swift in Sources */ = {isa = PBXBuildFile; fileRef = CC0043023110000000205001 /* LicenseBackend.swift */; };
		CC0044013110000000205001 /* MockLicenseBackend.swift in Sources */ = {isa = PBXBuildFile; fileRef = CC0044023110000000205001 /* MockLicenseBackend.swift */; };
		CC0045013110000000205001 /* LiveLicenseBackend.swift in Sources */ = {isa = PBXBuildFile; fileRef = CC0045023110000000205001 /* LiveLicenseBackend.swift */; };
		CC0046013110000000205001 /* LicenseService.swift in Sources */ = {isa = PBXBuildFile; fileRef = CC0046023110000000205001 /* LicenseService.swift */; };
		CC0047013110000000205001 /* PricingCatalog.swift in Sources */ = {isa = PBXBuildFile; fileRef = CC0047023110000000205001 /* PricingCatalog.swift */; };
		CC0048013110000000205001 /* GatedAutorotaService.swift in Sources */ = {isa = PBXBuildFile; fileRef = CC0048023110000000205001 /* GatedAutorotaService.swift */; };
		CC0060013300000000205001 /* ExportCustomLayout.swift in Sources */ = {isa = PBXBuildFile; fileRef = CC0060023300000000205001 /* ExportCustomLayout.swift */; };
		CC0061013300000000205001 /* FullExportConfigBuilder.swift in Sources */ = {isa = PBXBuildFile; fileRef = CC0061023300000000205001 /* FullExportConfigBuilder.swift */; };
		CC0062013300000000205001 /* ExportSettingsMigration.swift in Sources */ = {isa = PBXBuildFile; fileRef = CC0062023300000000205001 /* ExportSettingsMigration.swift */; };
		CC0063013300000000205001 /* ExportSandboxViewModel.swift in Sources */ = {isa = PBXBuildFile; fileRef = CC0063023300000000205001 /* ExportSandboxViewModel.swift */; };
/* End PBXBuildFile section */

/* Begin PBXContainerItemProxy section */
		5B874E1C2F9D8A3E0009F1AA /* PBXContainerItemProxy */ = {
			isa = PBXContainerItemProxy;
			containerPortal = 5B9674FC2F7205E900205001 /* Project object */;
			proxyType = 1;
			remoteGlobalIDString = 5B9675032F7205E900205001;
			remoteInfo = AutorotaApp;
		};
		CC0002012F80000000205001 /* PBXContainerItemProxy */ = {
			isa = PBXContainerItemProxy;
			containerPortal = 5B9674FC2F7205E900205001 /* Project object */;
			proxyType = 1;
			remoteGlobalIDString = 5B9675032F7205E900205001;
			remoteInfo = AutorotaApp;
		};
/* End PBXContainerItemProxy section */

/* Begin PBXFileReference section */
		5B874E162F9D8A3E0009F1AA /* AutorotaAppPerfTests.xctest */ = {isa = PBXFileReference; explicitFileType = wrapper.cfbundle; includeInIndex = 0; path = AutorotaAppPerfTests.xctest; sourceTree = BUILT_PRODUCTS_DIR; };
		5B9675042F7205E900205001 /* AutorotaApp.app */ = {isa = PBXFileReference; explicitFileType = wrapper.application; includeInIndex = 0; path = AutorotaApp.app; sourceTree = BUILT_PRODUCTS_DIR; };
		5B9675162F72075A00205001 /* EmployeeViewModel.swift */ = {isa = PBXFileReference; lastKnownFileType = sourcecode.swift; path = EmployeeViewModel.swift; sourceTree = "<group>"; };
		5B9675172F72075A00205001 /* RotaViewModel.swift */ = {isa = PBXFileReference; lastKnownFileType = sourcecode.swift; path = RotaViewModel.swift; sourceTree = "<group>"; };
		5B9675182F72075A00205001 /* ShiftTemplateViewModel.swift */ = {isa = PBXFileReference; lastKnownFileType = sourcecode.swift; path = ShiftTemplateViewModel.swift; sourceTree = "<group>"; };
		5B9675312F72075A00205001 /* RoleViewModel.swift */ = {isa = PBXFileReference; lastKnownFileType = sourcecode.swift; path = RoleViewModel.swift; sourceTree = "<group>"; };
		CC0001023200000000205001 /* AccessibilityPalette.swift */ = {isa = PBXFileReference; lastKnownFileType = sourcecode.swift; path = AccessibilityPalette.swift; sourceTree = "<group>"; };
		CC0001032F80000000205001 /* AutorotaServiceProtocol.swift */ = {isa = PBXFileReference; lastKnownFileType = sourcecode.swift; path = AutorotaServiceProtocol.swift; sourceTree = "<group>"; };
		CC0001042F80000000205001 /* LiveAutorotaService.swift */ = {isa = PBXFileReference; lastKnownFileType = sourcecode.swift; path = LiveAutorotaService.swift; sourceTree = "<group>"; };
		CC0002052F80000000205001 /* AutorotaAppTests.xctest */ = {isa = PBXFileReference; explicitFileType = wrapper.cfbundle; includeInIndex = 0; path = AutorotaAppTests.xctest; sourceTree = BUILT_PRODUCTS_DIR; };
		CC0003022F80000000205001 /* OverrideViewModel.swift */ = {isa = PBXFileReference; lastKnownFileType = sourcecode.swift; path = OverrideViewModel.swift; sourceTree = "<group>"; };
		CC0005022F80000000205001 /* ShiftHistoryViewModel.swift */ = {isa = PBXFileReference; lastKnownFileType = sourcecode.swift; path = ShiftHistoryViewModel.swift; sourceTree = "<group>"; };
		CC0007022FA0000000205001 /* ExchangeRateService.swift */ = {isa = PBXFileReference; lastKnownFileType = sourcecode.swift; path = ExchangeRateService.swift; sourceTree = "<group>"; };
		CC0009022FC0000000205001 /* AutorotaSyncEngine.swift */ = {isa = PBXFileReference; lastKnownFileType = sourcecode.swift; path = AutorotaSyncEngine.swift; sourceTree = "<group>"; };
		CC0009042FC0000000205001 /* SyncRecordMapper.swift */ = {isa = PBXFileReference; lastKnownFileType = sourcecode.swift; path = SyncRecordMapper.swift; sourceTree = "<group>"; };
		CC0009062FC0000000205001 /* SyncConflictResolver.swift */ = {isa = PBXFileReference; lastKnownFileType = sourcecode.swift; path = SyncConflictResolver.swift; sourceTree = "<group>"; };
		CC0010022FD0000000205001 /* EditLogViewModel.swift */ = {isa = PBXFileReference; lastKnownFileType = sourcecode.swift; path = EditLogViewModel.swift; sourceTree = "<group>"; };
		CC0012022FF0000000205001 /* AnalyticsViewModel.swift */ = {isa = PBXFileReference; lastKnownFileType = sourcecode.swift; path = AnalyticsViewModel.swift; sourceTree = "<group>"; };
		CC0014023000000000205001 /* EmployeeExportViewModel.swift */ = {isa = PBXFileReference; lastKnownFileType = sourcecode.swift; path = EmployeeExportViewModel.swift; sourceTree = "<group>"; };
		CC0016023020000000205001 /* AvailabilityProgressViewModel.swift */ = {isa = PBXFileReference; lastKnownFileType = sourcecode.swift; path = AvailabilityProgressViewModel.swift; sourceTree = "<group>"; };
		CC0017023030000000205001 /* FfiError+UserMessage.swift */ = {isa = PBXFileReference; lastKnownFileType = sourcecode.swift; path = "FfiError+UserMessage.swift"; sourceTree = "<group>"; };
		CC0020023060000000205001 /* PhoneNumberFormatter.swift */ = {isa = PBXFileReference; lastKnownFileType = sourcecode.swift; path = PhoneNumberFormatter.swift; sourceTree = "<group>"; };
		CC0024023100000000205001 /* BulkSendSettings.swift */ = {isa = PBXFileReference; lastKnownFileType = sourcecode.swift; path = BulkSendSettings.swift; sourceTree = "<group>"; };
		CC0025023100000000205001 /* MessageBodyBuilder.swift */ = {isa = PBXFileReference; lastKnownFileType = sourcecode.swift; path = MessageBodyBuilder.swift; sourceTree = "<group>"; };
		CC0026023100000000205001 /* BulkSendDispatcher.swift */ = {isa = PBXFileReference; lastKnownFileType = sourcecode.swift; path = BulkSendDispatcher.swift; sourceTree = "<group>"; };
		CC0027023040000000205001 /* LocaleManager.swift */ = {isa = PBXFileReference; lastKnownFileType = sourcecode.swift; path = LocaleManager.swift; sourceTree = "<group>"; };
		CC0040023110000000205001 /* Tier.swift */ = {isa = PBXFileReference; lastKnownFileType = sourcecode.swift; path = Tier.swift; sourceTree = "<group>"; };
		CC0041023110000000205001 /* KeychainStore.swift */ = {isa = PBXFileReference; lastKnownFileType = sourcecode.swift; path = KeychainStore.swift; sourceTree = "<group>"; };
		CC0042023110000000205001 /* LicenseGate.swift */ = {isa = PBXFileReference; lastKnownFileType = sourcecode.swift; path = LicenseGate.swift; sourceTree = "<group>"; };
		CC0043023110000000205001 /* LicenseBackend.swift */ = {isa = PBXFileReference; lastKnownFileType = sourcecode.swift; path = LicenseBackend.swift; sourceTree = "<group>"; };
		CC0044023110000000205001 /* MockLicenseBackend.swift */ = {isa = PBXFileReference; lastKnownFileType = sourcecode.swift; path = MockLicenseBackend.swift; sourceTree = "<group>"; };
		CC0045023110000000205001 /* LiveLicenseBackend.swift */ = {isa = PBXFileReference; lastKnownFileType = sourcecode.swift; path = LiveLicenseBackend.swift; sourceTree = "<group>"; };
		CC0046023110000000205001 /* LicenseService.swift */ = {isa = PBXFileReference; lastKnownFileType = sourcecode.swift; path = LicenseService.swift; sourceTree = "<group>"; };
		CC0047023110000000205001 /* PricingCatalog.swift */ = {isa = PBXFileReference; lastKnownFileType = sourcecode.swift; path = PricingCatalog.swift; sourceTree = "<group>"; };
		CC0048023110000000205001 /* GatedAutorotaService.swift */ = {isa = PBXFileReference; lastKnownFileType = sourcecode.swift; path = GatedAutorotaService.swift; sourceTree = "<group>"; };
		CC0060023300000000205001 /* ExportCustomLayout.swift */ = {isa = PBXFileReference; lastKnownFileType = sourcecode.swift; path = ExportCustomLayout.swift; sourceTree = "<group>"; };
		CC0061023300000000205001 /* FullExportConfigBuilder.swift */ = {isa = PBXFileReference; lastKnownFileType = sourcecode.swift; path = FullExportConfigBuilder.swift; sourceTree = "<group>"; };
		CC0062023300000000205001 /* ExportSettingsMigration.swift */ = {isa = PBXFileReference; lastKnownFileType = sourcecode.swift; path = ExportSettingsMigration.swift; sourceTree = "<group>"; };
		CC0063023300000000205001 /* ExportSandboxViewModel.swift */ = {isa = PBXFileReference; lastKnownFileType = sourcecode.swift; path = ExportSandboxViewModel.swift; sourceTree = "<group>"; };
/* End PBXFileReference section */

/* Begin PBXFileSystemSynchronizedRootGroup section */
		5B874E172F9D8A3E0009F1AA /* AutorotaAppPerfTests */ = {
			isa = PBXFileSystemSynchronizedRootGroup;
			path = AutorotaAppPerfTests;
			sourceTree = "<group>";
		};
		5B9675062F7205E900205001 /* AutorotaApp */ = {
			isa = PBXFileSystemSynchronizedRootGroup;
			path = AutorotaApp;
			sourceTree = "<group>";
		};
		5B9675202F72075A00205001 /* Views */ = {
			isa = PBXFileSystemSynchronizedRootGroup;
			path = Views;
			sourceTree = "<group>";
		};
		CC0002062F80000000205001 /* AutorotaAppTests */ = {
			isa = PBXFileSystemSynchronizedRootGroup;
			path = AutorotaAppTests;
			sourceTree = "<group>";
		};
/* End PBXFileSystemSynchronizedRootGroup section */

/* Begin PBXFrameworksBuildPhase section */
		5B874E132F9D8A3E0009F1AA /* Frameworks */ = {
			isa = PBXFrameworksBuildPhase;
			buildActionMask = 2147483647;
			files = (
			);
			runOnlyForDeploymentPostprocessing = 0;
		};
		5B9675012F7205E900205001 /* Frameworks */ = {
			isa = PBXFrameworksBuildPhase;
			buildActionMask = 2147483647;
			files = (
				5B9675142F72071C00205001 /* AutorotaKit in Frameworks */,
			);
			runOnlyForDeploymentPostprocessing = 0;
		};
		CC0002072F80000000205001 /* Frameworks */ = {
			isa = PBXFrameworksBuildPhase;
			buildActionMask = 2147483647;
			files = (
			);
			runOnlyForDeploymentPostprocessing = 0;
		};
/* End PBXFrameworksBuildPhase section */

/* Begin PBXGroup section */
		5B9674FB2F7205E900205001 = {
			isa = PBXGroup;
			children = (
				5B9675062F7205E900205001 /* AutorotaApp */,
				CC0002062F80000000205001 /* AutorotaAppTests */,
				5B874E172F9D8A3E0009F1AA /* AutorotaAppPerfTests */,
				5B9675052F7205E900205001 /* Products */,
				CC0001052F80000000205001 /* Services */,
				5B9675192F72075A00205001 /* ViewModels */,
				5B9675202F72075A00205001 /* Views */,
			);
			sourceTree = "<group>";
		};
		5B9675052F7205E900205001 /* Products */ = {
			isa = PBXGroup;
			children = (
				5B9675042F7205E900205001 /* AutorotaApp.app */,
				CC0002052F80000000205001 /* AutorotaAppTests.xctest */,
				5B874E162F9D8A3E0009F1AA /* AutorotaAppPerfTests.xctest */,
			);
			name = Products;
			sourceTree = "<group>";
		};
		5B9675192F72075A00205001 /* ViewModels */ = {
			isa = PBXGroup;
			children = (
				CC0012022FF0000000205001 /* AnalyticsViewModel.swift */,
				CC0016023020000000205001 /* AvailabilityProgressViewModel.swift */,
				CC0010022FD0000000205001 /* EditLogViewModel.swift */,
				CC0014023000000000205001 /* EmployeeExportViewModel.swift */,
				CC0063023300000000205001 /* ExportSandboxViewModel.swift */,
				5B9675162F72075A00205001 /* EmployeeViewModel.swift */,
				CC0003022F80000000205001 /* OverrideViewModel.swift */,
				5B9675312F72075A00205001 /* RoleViewModel.swift */,
				5B9675172F72075A00205001 /* RotaViewModel.swift */,
				CC0005022F80000000205001 /* ShiftHistoryViewModel.swift */,
				5B9675182F72075A00205001 /* ShiftTemplateViewModel.swift */,
			);
			path = ViewModels;
			sourceTree = "<group>";
		};
		CC0001052F80000000205001 /* Services */ = {
			isa = PBXGroup;
			children = (
				CC0001023200000000205001 /* AccessibilityPalette.swift */,
				CC0001032F80000000205001 /* AutorotaServiceProtocol.swift */,
				CC0009022FC0000000205001 /* AutorotaSyncEngine.swift */,
				CC0026023100000000205001 /* BulkSendDispatcher.swift */,
				CC0024023100000000205001 /* BulkSendSettings.swift */,
				CC0007022FA0000000205001 /* ExchangeRateService.swift */,
				CC0060023300000000205001 /* ExportCustomLayout.swift */,
				CC0061023300000000205001 /* FullExportConfigBuilder.swift */,
				CC0062023300000000205001 /* ExportSettingsMigration.swift */,
				CC0017023030000000205001 /* FfiError+UserMessage.swift */,
				CC0048023110000000205001 /* GatedAutorotaService.swift */,
				CC0041023110000000205001 /* KeychainStore.swift */,
				CC0043023110000000205001 /* LicenseBackend.swift */,
				CC0042023110000000205001 /* LicenseGate.swift */,
				CC0046023110000000205001 /* LicenseService.swift */,
				CC0001042F80000000205001 /* LiveAutorotaService.swift */,
				CC0045023110000000205001 /* LiveLicenseBackend.swift */,
				CC0027023040000000205001 /* LocaleManager.swift */,
				CC0025023100000000205001 /* MessageBodyBuilder.swift */,
				CC0044023110000000205001 /* MockLicenseBackend.swift */,
				CC0020023060000000205001 /* PhoneNumberFormatter.swift */,
				CC0047023110000000205001 /* PricingCatalog.swift */,
				CC0009062FC0000000205001 /* SyncConflictResolver.swift */,
				CC0009042FC0000000205001 /* SyncRecordMapper.swift */,
				CC0040023110000000205001 /* Tier.swift */,
			);
			path = Services;
			sourceTree = "<group>";
		};
/* End PBXGroup section */

/* Begin PBXNativeTarget section */
		5B874E152F9D8A3E0009F1AA /* AutorotaAppPerfTests */ = {
			isa = PBXNativeTarget;
			buildConfigurationList = 5B874E1E2F9D8A3E0009F1AA /* Build configuration list for PBXNativeTarget "AutorotaAppPerfTests" */;
			buildPhases = (
				5B874E122F9D8A3E0009F1AA /* Sources */,
				5B874E132F9D8A3E0009F1AA /* Frameworks */,
				5B874E142F9D8A3E0009F1AA /* Resources */,
			);
			buildRules = (
			);
			dependencies = (
				5B874E1D2F9D8A3E0009F1AA /* PBXTargetDependency */,
			);
			fileSystemSynchronizedGroups = (
				5B874E172F9D8A3E0009F1AA /* AutorotaAppPerfTests */,
			);
			name = AutorotaAppPerfTests;
			packageProductDependencies = (
			);
			productName = AutorotaAppPerfTests;
			productReference = 5B874E162F9D8A3E0009F1AA /* AutorotaAppPerfTests.xctest */;
			productType = "com.apple.product-type.bundle.ui-testing";
		};
		5B9675032F7205E900205001 /* AutorotaApp */ = {
			isa = PBXNativeTarget;
			buildConfigurationList = 5B96750F2F7205EA00205001 /* Build configuration list for PBXNativeTarget "AutorotaApp" */;
			buildPhases = (
				5B9675002F7205E900205001 /* Sources */,
				5B9675012F7205E900205001 /* Frameworks */,
				5B9675022F7205E900205001 /* Resources */,
			);
			buildRules = (
			);
			dependencies = (
			);
			fileSystemSynchronizedGroups = (
				5B9675062F7205E900205001 /* AutorotaApp */,
				5B9675202F72075A00205001 /* Views */,
			);
			name = AutorotaApp;
			packageProductDependencies = (
				5B9675132F72071C00205001 /* AutorotaKit */,
			);
			productName = AutorotaApp;
			productReference = 5B9675042F7205E900205001 /* AutorotaApp.app */;
			productType = "com.apple.product-type.application";
		};
		CC0002082F80000000205001 /* AutorotaAppTests */ = {
			isa = PBXNativeTarget;
			buildConfigurationList = CC0002092F80000000205001 /* Build configuration list for PBXNativeTarget "AutorotaAppTests" */;
			buildPhases = (
				CC00020A2F80000000205001 /* Sources */,
				CC0002072F80000000205001 /* Frameworks */,
				CC00020B2F80000000205001 /* Resources */,
			);
			buildRules = (
			);
			dependencies = (
				CC0002022F80000000205001 /* PBXTargetDependency */,
			);
			fileSystemSynchronizedGroups = (
				CC0002062F80000000205001 /* AutorotaAppTests */,
			);
			name = AutorotaAppTests;
			productName = AutorotaAppTests;
			productReference = CC0002052F80000000205001 /* AutorotaAppTests.xctest */;
			productType = "com.apple.product-type.bundle.unit-test";
		};
/* End PBXNativeTarget section */

/* Begin PBXProject section */
		5B9674FC2F7205E900205001 /* Project object */ = {
			isa = PBXProject;
			attributes = {
				BuildIndependentTargetsInParallel = 1;
				LastSwiftUpdateCheck = 2630;
				LastUpgradeCheck = 2620;
				TargetAttributes = {
					5B874E152F9D8A3E0009F1AA = {
						CreatedOnToolsVersion = 26.3;
						TestTargetID = 5B9675032F7205E900205001;
					};
					5B9675032F7205E900205001 = {
						CreatedOnToolsVersion = 26.2;
					};
					CC0002082F80000000205001 = {
						CreatedOnToolsVersion = 26.2;
						TestTargetID = 5B9675032F7205E900205001;
					};
				};
			};
			buildConfigurationList = 5B9674FF2F7205E900205001 /* Build configuration list for PBXProject "AutorotaApp" */;
			developmentRegion = en;
			hasScannedForEncodings = 0;
			knownRegions = (
				en,
				"zh-Hans",
				"zh-Hant",
				ar,
				bn,
				hi,
				es,
				Base,
			);
			mainGroup = 5B9674FB2F7205E900205001;
			minimizedProjectReferenceProxies = 1;
			packageReferences = (
				5B9675122F72071C00205001 /* XCLocalSwiftPackageReference "../../AutorotaKit" */,
			);
			preferredProjectObjectVersion = 77;
			productRefGroup = 5B9675052F7205E900205001 /* Products */;
			projectDirPath = "";
			projectRoot = "";
			targets = (
				5B9675032F7205E900205001 /* AutorotaApp */,
				CC0002082F80000000205001 /* AutorotaAppTests */,
				5B874E152F9D8A3E0009F1AA /* AutorotaAppPerfTests */,
			);
		};
/* End PBXProject section */

/* Begin PBXResourcesBuildPhase section */
		5B874E142F9D8A3E0009F1AA /* Resources */ = {
			isa = PBXResourcesBuildPhase;
			buildActionMask = 2147483647;
			files = (
			);
			runOnlyForDeploymentPostprocessing = 0;
		};
		5B9675022F7205E900205001 /* Resources */ = {
			isa = PBXResourcesBuildPhase;
			buildActionMask = 2147483647;
			files = (
			);
			runOnlyForDeploymentPostprocessing = 0;
		};
		CC00020B2F80000000205001 /* Resources */ = {
			isa = PBXResourcesBuildPhase;
			buildActionMask = 2147483647;
			files = (
			);
			runOnlyForDeploymentPostprocessing = 0;
		};
/* End PBXResourcesBuildPhase section */

/* Begin PBXSourcesBuildPhase section */
		5B874E122F9D8A3E0009F1AA /* Sources */ = {
			isa = PBXSourcesBuildPhase;
			buildActionMask = 2147483647;
			files = (
			);
			runOnlyForDeploymentPostprocessing = 0;
		};
		5B9675002F7205E900205001 /* Sources */ = {
			isa = PBXSourcesBuildPhase;
			buildActionMask = 2147483647;
			files = (
				5B9675252F72075A00205001 /* RotaViewModel.swift in Sources */,
				5B9675262F72075A00205001 /* ShiftTemplateViewModel.swift in Sources */,
				5B9675272F72075A00205001 /* EmployeeViewModel.swift in Sources */,
				5B9675302F72075A00205001 /* RoleViewModel.swift in Sources */,
				CC0001012F80000000205001 /* AutorotaServiceProtocol.swift in Sources */,
				CC0001013200000000205001 /* AccessibilityPalette.swift in Sources */,
				CC0001022F80000000205001 /* LiveAutorotaService.swift in Sources */,
				CC0003012F80000000205001 /* OverrideViewModel.swift in Sources */,
				CC0005012F80000000205001 /* ShiftHistoryViewModel.swift in Sources */,
				CC0007012FA0000000205001 /* ExchangeRateService.swift in Sources */,
				CC0009012FC0000000205001 /* AutorotaSyncEngine.swift in Sources */,
				CC0017013030000000205001 /* FfiError+UserMessage.swift in Sources */,
				CC0027013040000000205001 /* LocaleManager.swift in Sources */,
				CC0009032FC0000000205001 /* SyncRecordMapper.swift in Sources */,
				CC0009052FC0000000205001 /* SyncConflictResolver.swift in Sources */,
				CC0010012FD0000000205001 /* EditLogViewModel.swift in Sources */,
				CC0012012FF0000000205001 /* AnalyticsViewModel.swift in Sources */,
				CC0014013000000000205001 /* EmployeeExportViewModel.swift in Sources */,
				CC0016013020000000205001 /* AvailabilityProgressViewModel.swift in Sources */,
				CC0020013060000000205001 /* PhoneNumberFormatter.swift in Sources */,
				CC0024013100000000205001 /* BulkSendSettings.swift in Sources */,
				CC0025013100000000205001 /* MessageBodyBuilder.swift in Sources */,
				CC0060013300000000205001 /* ExportCustomLayout.swift in Sources */,
				CC0061013300000000205001 /* FullExportConfigBuilder.swift in Sources */,
				CC0062013300000000205001 /* ExportSettingsMigration.swift in Sources */,
				CC0063013300000000205001 /* ExportSandboxViewModel.swift in Sources */,
				CC0026013100000000205001 /* BulkSendDispatcher.swift in Sources */,
				CC0040013110000000205001 /* Tier.swift in Sources */,
				CC0041013110000000205001 /* KeychainStore.swift in Sources */,
				CC0042013110000000205001 /* LicenseGate.swift in Sources */,
				CC0043013110000000205001 /* LicenseBackend.swift in Sources */,
				CC0044013110000000205001 /* MockLicenseBackend.swift in Sources */,
				CC0045013110000000205001 /* LiveLicenseBackend.swift in Sources */,
				CC0046013110000000205001 /* LicenseService.swift in Sources */,
				CC0047013110000000205001 /* PricingCatalog.swift in Sources */,
				CC0048013110000000205001 /* GatedAutorotaService.swift in Sources */,
			);
			runOnlyForDeploymentPostprocessing = 0;
		};
		CC00020A2F80000000205001 /* Sources */ = {
			isa = PBXSourcesBuildPhase;
			buildActionMask = 2147483647;
			files = (
			);
			runOnlyForDeploymentPostprocessing = 0;
		};
/* End PBXSourcesBuildPhase section */

/* Begin PBXTargetDependency section */
		5B874E1D2F9D8A3E0009F1AA /* PBXTargetDependency */ = {
			isa = PBXTargetDependency;
			target = 5B9675032F7205E900205001 /* AutorotaApp */;
			targetProxy = 5B874E1C2F9D8A3E0009F1AA /* PBXContainerItemProxy */;
		};
		CC0002022F80000000205001 /* PBXTargetDependency */ = {
			isa = PBXTargetDependency;
			target = 5B9675032F7205E900205001 /* AutorotaApp */;
			targetProxy = CC0002012F80000000205001 /* PBXContainerItemProxy */;
		};
/* End PBXTargetDependency section */

/* Begin XCBuildConfiguration section */
		5B874E1F2F9D8A3E0009F1AA /* Debug */ = {
			isa = XCBuildConfiguration;
			buildSettings = {
				CODE_SIGN_STYLE = Automatic;
				CURRENT_PROJECT_VERSION = 1;
				GENERATE_INFOPLIST_FILE = YES;
				IPHONEOS_DEPLOYMENT_TARGET = 26.2;
				MACOSX_DEPLOYMENT_TARGET = 26.1;
				MARKETING_VERSION = 1.0;
				PRODUCT_BUNDLE_IDENTIFIER = Fongo.AutorotaAppPerfTests;
				PRODUCT_NAME = "$(TARGET_NAME)";
				SDKROOT = auto;
				STRING_CATALOG_GENERATE_SYMBOLS = NO;
				SUPPORTED_PLATFORMS = "iphoneos iphonesimulator macosx";
				SWIFT_ACTIVE_COMPILATION_CONDITIONS = "DEBUG PERF_HELPERS $(inherited)";
				SWIFT_APPROACHABLE_CONCURRENCY = YES;
				SWIFT_EMIT_LOC_STRINGS = NO;
				SWIFT_UPCOMING_FEATURE_MEMBER_IMPORT_VISIBILITY = YES;
				SWIFT_VERSION = 5.0;
				TARGETED_DEVICE_FAMILY = "1,2";
				TEST_TARGET_NAME = AutorotaApp;
			};
			name = Debug;
		};
		5B874E202F9D8A3E0009F1AA /* Release */ = {
			isa = XCBuildConfiguration;
			buildSettings = {
				CODE_SIGN_STYLE = Automatic;
				CURRENT_PROJECT_VERSION = 1;
				GENERATE_INFOPLIST_FILE = YES;
				IPHONEOS_DEPLOYMENT_TARGET = 26.2;
				MACOSX_DEPLOYMENT_TARGET = 26.1;
				MARKETING_VERSION = 1.0;
				PRODUCT_BUNDLE_IDENTIFIER = Fongo.AutorotaAppPerfTests;
				PRODUCT_NAME = "$(TARGET_NAME)";
				SDKROOT = auto;
				STRING_CATALOG_GENERATE_SYMBOLS = NO;
				SUPPORTED_PLATFORMS = "iphoneos iphonesimulator macosx";
				SWIFT_APPROACHABLE_CONCURRENCY = YES;
				SWIFT_EMIT_LOC_STRINGS = NO;
				SWIFT_UPCOMING_FEATURE_MEMBER_IMPORT_VISIBILITY = YES;
				SWIFT_VERSION = 5.0;
				TARGETED_DEVICE_FAMILY = "1,2";
				TEST_TARGET_NAME = AutorotaApp;
				VALIDATE_PRODUCT = YES;
			};
			name = Release;
		};
		5B96750D2F7205EA00205001 /* Debug */ = {
			isa = XCBuildConfiguration;
			buildSettings = {
				ALWAYS_SEARCH_USER_PATHS = NO;
				ASSETCATALOG_COMPILER_GENERATE_SWIFT_ASSET_SYMBOL_EXTENSIONS = YES;
				CLANG_ANALYZER_NONNULL = YES;
				CLANG_ANALYZER_NUMBER_OBJECT_CONVERSION = YES_AGGRESSIVE;
				CLANG_CXX_LANGUAGE_STANDARD = "gnu++20";
				CLANG_ENABLE_MODULES = YES;
				CLANG_ENABLE_OBJC_ARC = YES;
				CLANG_ENABLE_OBJC_WEAK = YES;
				CLANG_WARN_BLOCK_CAPTURE_AUTORELEASING = YES;
				CLANG_WARN_BOOL_CONVERSION = YES;
				CLANG_WARN_COMMA = YES;
				CLANG_WARN_CONSTANT_CONVERSION = YES;
				CLANG_WARN_DEPRECATED_OBJC_IMPLEMENTATIONS = YES;
				CLANG_WARN_DIRECT_OBJC_ISA_USAGE = YES_ERROR;
				CLANG_WARN_DOCUMENTATION_COMMENTS = YES;
				CLANG_WARN_EMPTY_BODY = YES;
				CLANG_WARN_ENUM_CONVERSION = YES;
				CLANG_WARN_INFINITE_RECURSION = YES;
				CLANG_WARN_INT_CONVERSION = YES;
				CLANG_WARN_NON_LITERAL_NULL_CONVERSION = YES;
				CLANG_WARN_OBJC_IMPLICIT_RETAIN_SELF = YES;
				CLANG_WARN_OBJC_LITERAL_CONVERSION = YES;
				CLANG_WARN_OBJC_ROOT_CLASS = YES_ERROR;
				CLANG_WARN_QUOTED_INCLUDE_IN_FRAMEWORK_HEADER = YES;
				CLANG_WARN_RANGE_LOOP_ANALYSIS = YES;
				CLANG_WARN_STRICT_PROTOTYPES = YES;
				CLANG_WARN_SUSPICIOUS_MOVE = YES;
				CLANG_WARN_UNGUARDED_AVAILABILITY = YES_AGGRESSIVE;
				CLANG_WARN_UNREACHABLE_CODE = YES;
				CLANG_WARN__DUPLICATE_METHOD_MATCH = YES;
				COPY_PHASE_STRIP = NO;
				DEBUG_INFORMATION_FORMAT = dwarf;
				ENABLE_STRICT_OBJC_MSGSEND = YES;
				ENABLE_TESTABILITY = YES;
				ENABLE_USER_SCRIPT_SANDBOXING = YES;
				GCC_C_LANGUAGE_STANDARD = gnu17;
				GCC_DYNAMIC_NO_PIC = NO;
				GCC_NO_COMMON_BLOCKS = YES;
				GCC_OPTIMIZATION_LEVEL = 0;
				GCC_PREPROCESSOR_DEFINITIONS = (
					"DEBUG=1",
					"$(inherited)",
				);
				GCC_WARN_64_TO_32_BIT_CONVERSION = YES;
				GCC_WARN_ABOUT_RETURN_TYPE = YES_ERROR;
				GCC_WARN_UNDECLARED_SELECTOR = YES;
				GCC_WARN_UNINITIALIZED_AUTOS = YES_AGGRESSIVE;
				GCC_WARN_UNUSED_FUNCTION = YES;
				GCC_WARN_UNUSED_VARIABLE = YES;
				LOCALIZATION_PREFERS_STRING_CATALOGS = YES;
				MTL_ENABLE_DEBUG_INFO = INCLUDE_SOURCE;
				MTL_FAST_MATH = YES;
				ONLY_ACTIVE_ARCH = YES;
				SWIFT_ACTIVE_COMPILATION_CONDITIONS = "DEBUG $(inherited)";
				SWIFT_OPTIMIZATION_LEVEL = "-Onone";
			};
			name = Debug;
		};
		5B96750E2F7205EA00205001 /* Release */ = {
			isa = XCBuildConfiguration;
			buildSettings = {
				ALWAYS_SEARCH_USER_PATHS = NO;
				ASSETCATALOG_COMPILER_GENERATE_SWIFT_ASSET_SYMBOL_EXTENSIONS = YES;
				CLANG_ANALYZER_NONNULL = YES;
				CLANG_ANALYZER_NUMBER_OBJECT_CONVERSION = YES_AGGRESSIVE;
				CLANG_CXX_LANGUAGE_STANDARD = "gnu++20";
				CLANG_ENABLE_MODULES = YES;
				CLANG_ENABLE_OBJC_ARC = YES;
				CLANG_ENABLE_OBJC_WEAK = YES;
				CLANG_WARN_BLOCK_CAPTURE_AUTORELEASING = YES;
				CLANG_WARN_BOOL_CONVERSION = YES;
				CLANG_WARN_COMMA = YES;
				CLANG_WARN_CONSTANT_CONVERSION = YES;
				CLANG_WARN_DEPRECATED_OBJC_IMPLEMENTATIONS = YES;
				CLANG_WARN_DIRECT_OBJC_ISA_USAGE = YES_ERROR;
				CLANG_WARN_DOCUMENTATION_COMMENTS = YES;
				CLANG_WARN_EMPTY_BODY = YES;
				CLANG_WARN_ENUM_CONVERSION = YES;
				CLANG_WARN_INFINITE_RECURSION = YES;
				CLANG_WARN_INT_CONVERSION = YES;
				CLANG_WARN_NON_LITERAL_NULL_CONVERSION = YES;
				CLANG_WARN_OBJC_IMPLICIT_RETAIN_SELF = YES;
				CLANG_WARN_OBJC_LITERAL_CONVERSION = YES;
				CLANG_WARN_OBJC_ROOT_CLASS = YES_ERROR;
				CLANG_WARN_QUOTED_INCLUDE_IN_FRAMEWORK_HEADER = YES;
				CLANG_WARN_RANGE_LOOP_ANALYSIS = YES;
				CLANG_WARN_STRICT_PROTOTYPES = YES;
				CLANG_WARN_SUSPICIOUS_MOVE = YES;
				CLANG_WARN_UNGUARDED_AVAILABILITY = YES_AGGRESSIVE;
				CLANG_WARN_UNREACHABLE_CODE = YES;
				CLANG_WARN__DUPLICATE_METHOD_MATCH = YES;
				COPY_PHASE_STRIP = NO;
				DEBUG_INFORMATION_FORMAT = "dwarf-with-dsym";
				ENABLE_NS_ASSERTIONS = NO;
				ENABLE_STRICT_OBJC_MSGSEND = YES;
				ENABLE_USER_SCRIPT_SANDBOXING = YES;
				GCC_C_LANGUAGE_STANDARD = gnu17;
				GCC_NO_COMMON_BLOCKS = YES;
				GCC_WARN_64_TO_32_BIT_CONVERSION = YES;
				GCC_WARN_ABOUT_RETURN_TYPE = YES_ERROR;
				GCC_WARN_UNDECLARED_SELECTOR = YES;
				GCC_WARN_UNINITIALIZED_AUTOS = YES_AGGRESSIVE;
				GCC_WARN_UNUSED_FUNCTION = YES;
				GCC_WARN_UNUSED_VARIABLE = YES;
				LOCALIZATION_PREFERS_STRING_CATALOGS = YES;
				MTL_ENABLE_DEBUG_INFO = NO;
				MTL_FAST_MATH = YES;
				SWIFT_COMPILATION_MODE = wholemodule;
			};
			name = Release;
		};
		5B9675102F7205EA00205001 /* Debug */ = {
			isa = XCBuildConfiguration;
			buildSettings = {
				ASSETCATALOG_COMPILER_ALTERNATE_APPICON_NAMES = "AppIconJazz AppIconLatte";
				ASSETCATALOG_COMPILER_APPICON_NAME = AppIcon;
				ASSETCATALOG_COMPILER_GLOBAL_ACCENT_COLOR_NAME = AccentColor;
				CODE_SIGN_ENTITLEMENTS = AutorotaApp/AutorotaApp.entitlements;
				CODE_SIGN_STYLE = Automatic;
				CURRENT_PROJECT_VERSION = 1;
				DEVELOPMENT_TEAM = 34VGHNCG6J;
				ENABLE_APP_SANDBOX = YES;
				ENABLE_PREVIEWS = YES;
				ENABLE_USER_SELECTED_FILES = readonly;
				GENERATE_INFOPLIST_FILE = YES;
				INFOPLIST_KEY_CFBundleDisplayName = AutoRota;
				INFOPLIST_KEY_LSApplicationCategoryType = "public.app-category.business";
				"INFOPLIST_KEY_UIApplicationSceneManifest_Generation[sdk=iphoneos*]" = YES;
				"INFOPLIST_KEY_UIApplicationSceneManifest_Generation[sdk=iphonesimulator*]" = YES;
				"INFOPLIST_KEY_UIApplicationSupportsIndirectInputEvents[sdk=iphoneos*]" = YES;
				"INFOPLIST_KEY_UIApplicationSupportsIndirectInputEvents[sdk=iphonesimulator*]" = YES;
				"INFOPLIST_KEY_UILaunchScreen_Generation[sdk=iphoneos*]" = YES;
				"INFOPLIST_KEY_UILaunchScreen_Generation[sdk=iphonesimulator*]" = YES;
				INFOPLIST_KEY_UIStatusBarStyle = "";
				"INFOPLIST_KEY_UIStatusBarStyle[sdk=iphoneos*]" = UIStatusBarStyleDefault;
				"INFOPLIST_KEY_UIStatusBarStyle[sdk=iphonesimulator*]" = UIStatusBarStyleDefault;
				INFOPLIST_KEY_UISupportedInterfaceOrientations_iPad = "UIInterfaceOrientationPortrait UIInterfaceOrientationPortraitUpsideDown UIInterfaceOrientationLandscapeLeft UIInterfaceOrientationLandscapeRight";
				INFOPLIST_KEY_UISupportedInterfaceOrientations_iPhone = "UIInterfaceOrientationPortrait UIInterfaceOrientationLandscapeLeft UIInterfaceOrientationLandscapeRight";
				IPHONEOS_DEPLOYMENT_TARGET = 26.2;
				LD_RUNPATH_SEARCH_PATHS = "@executable_path/Frameworks";
				"LD_RUNPATH_SEARCH_PATHS[sdk=macosx*]" = "@executable_path/../Frameworks";
				MACOSX_DEPLOYMENT_TARGET = 26.1;
				MARKETING_VERSION = 1.0;
				PRODUCT_BUNDLE_IDENTIFIER = com.toadmountain.autorota;
				PRODUCT_NAME = "$(TARGET_NAME)";
				REGISTER_APP_GROUPS = YES;
				SDKROOT = auto;
				STRING_CATALOG_GENERATE_SYMBOLS = YES;
				SUPPORTED_PLATFORMS = "iphoneos iphonesimulator macosx";
				SWIFT_ACTIVE_COMPILATION_CONDITIONS = "DEBUG $(inherited) PERF_HELPERS";
				SWIFT_APPROACHABLE_CONCURRENCY = YES;
				SWIFT_DEFAULT_ACTOR_ISOLATION = MainActor;
				SWIFT_EMIT_LOC_STRINGS = YES;
				SWIFT_UPCOMING_FEATURE_MEMBER_IMPORT_VISIBILITY = YES;
				SWIFT_VERSION = 5.0;
				TARGETED_DEVICE_FAMILY = "1,2";
			};
			name = Debug;
		};
		5B9675112F7205EA00205001 /* Release */ = {
			isa = XCBuildConfiguration;
			buildSettings = {
				ASSETCATALOG_COMPILER_ALTERNATE_APPICON_NAMES = "AppIconJazz AppIconLatte";
				ASSETCATALOG_COMPILER_APPICON_NAME = AppIcon;
				ASSETCATALOG_COMPILER_GLOBAL_ACCENT_COLOR_NAME = AccentColor;
				CODE_SIGN_ENTITLEMENTS = AutorotaApp/AutorotaApp.entitlements;
				CODE_SIGN_STYLE = Automatic;
				CURRENT_PROJECT_VERSION = 1;
				DEVELOPMENT_TEAM = 34VGHNCG6J;
				ENABLE_APP_SANDBOX = YES;
				ENABLE_PREVIEWS = YES;
				ENABLE_USER_SELECTED_FILES = readonly;
				GENERATE_INFOPLIST_FILE = YES;
				INFOPLIST_KEY_CFBundleDisplayName = AutoRota;
				INFOPLIST_KEY_LSApplicationCategoryType = "public.app-category.business";
				"INFOPLIST_KEY_UIApplicationSceneManifest_Generation[sdk=iphoneos*]" = YES;
				"INFOPLIST_KEY_UIApplicationSceneManifest_Generation[sdk=iphonesimulator*]" = YES;
				"INFOPLIST_KEY_UIApplicationSupportsIndirectInputEvents[sdk=iphoneos*]" = YES;
				"INFOPLIST_KEY_UIApplicationSupportsIndirectInputEvents[sdk=iphonesimulator*]" = YES;
				"INFOPLIST_KEY_UILaunchScreen_Generation[sdk=iphoneos*]" = YES;
				"INFOPLIST_KEY_UILaunchScreen_Generation[sdk=iphonesimulator*]" = YES;
				INFOPLIST_KEY_UIStatusBarStyle = "";
				"INFOPLIST_KEY_UIStatusBarStyle[sdk=iphoneos*]" = UIStatusBarStyleDefault;
				"INFOPLIST_KEY_UIStatusBarStyle[sdk=iphonesimulator*]" = UIStatusBarStyleDefault;
				INFOPLIST_KEY_UISupportedInterfaceOrientations_iPad = "UIInterfaceOrientationPortrait UIInterfaceOrientationPortraitUpsideDown UIInterfaceOrientationLandscapeLeft UIInterfaceOrientationLandscapeRight";
				INFOPLIST_KEY_UISupportedInterfaceOrientations_iPhone = "UIInterfaceOrientationPortrait UIInterfaceOrientationLandscapeLeft UIInterfaceOrientationLandscapeRight";
				IPHONEOS_DEPLOYMENT_TARGET = 26.2;
				LD_RUNPATH_SEARCH_PATHS = "@executable_path/Frameworks";
				"LD_RUNPATH_SEARCH_PATHS[sdk=macosx*]" = "@executable_path/../Frameworks";
				MACOSX_DEPLOYMENT_TARGET = 26.1;
				MARKETING_VERSION = 1.0;
				PRODUCT_BUNDLE_IDENTIFIER = com.toadmountain.autorota;
				PRODUCT_NAME = "$(TARGET_NAME)";
				REGISTER_APP_GROUPS = YES;
				SDKROOT = auto;
				STRING_CATALOG_GENERATE_SYMBOLS = YES;
				SUPPORTED_PLATFORMS = "iphoneos iphonesimulator macosx";
				SWIFT_APPROACHABLE_CONCURRENCY = YES;
				SWIFT_DEFAULT_ACTOR_ISOLATION = MainActor;
				SWIFT_EMIT_LOC_STRINGS = YES;
				SWIFT_UPCOMING_FEATURE_MEMBER_IMPORT_VISIBILITY = YES;
				SWIFT_VERSION = 5.0;
				TARGETED_DEVICE_FAMILY = "1,2";
			};
			name = Release;
		};
		CC00020C2F80000000205001 /* Debug */ = {
			isa = XCBuildConfiguration;
			buildSettings = {
				BUNDLE_LOADER = "$(TEST_HOST)";
				CODE_SIGN_STYLE = Automatic;
				CURRENT_PROJECT_VERSION = 1;
				DEVELOPMENT_TEAM = 34VGHNCG6J;
				GENERATE_INFOPLIST_FILE = YES;
				IPHONEOS_DEPLOYMENT_TARGET = 26.2;
				LD_RUNPATH_SEARCH_PATHS = "@executable_path/Frameworks";
				"LD_RUNPATH_SEARCH_PATHS[sdk=macosx*]" = "@executable_path/../Frameworks";
				MACOSX_DEPLOYMENT_TARGET = 26.1;
				MARKETING_VERSION = 1.0;
				PRODUCT_BUNDLE_IDENTIFIER = Fongo.AutorotaAppTests;
				PRODUCT_NAME = "$(TARGET_NAME)";
				SDKROOT = auto;
				SUPPORTED_PLATFORMS = "iphoneos iphonesimulator macosx";
				SWIFT_APPROACHABLE_CONCURRENCY = YES;
				SWIFT_DEFAULT_ACTOR_ISOLATION = MainActor;
				SWIFT_EMIT_LOC_STRINGS = NO;
				SWIFT_VERSION = 5.0;
				TARGETED_DEVICE_FAMILY = "1,2,7";
				TEST_HOST = "$(BUILT_PRODUCTS_DIR)/AutorotaApp.app/$(BUNDLE_EXECUTABLE_FOLDER_PATH)/AutorotaApp";
				XROS_DEPLOYMENT_TARGET = 26.2;
			};
			name = Debug;
		};
		CC00020D2F80000000205001 /* Release */ = {
			isa = XCBuildConfiguration;
			buildSettings = {
				BUNDLE_LOADER = "$(TEST_HOST)";
				CODE_SIGN_STYLE = Automatic;
				CURRENT_PROJECT_VERSION = 1;
				DEVELOPMENT_TEAM = 34VGHNCG6J;
				GENERATE_INFOPLIST_FILE = YES;
				IPHONEOS_DEPLOYMENT_TARGET = 26.2;
				LD_RUNPATH_SEARCH_PATHS = "@executable_path/Frameworks";
				"LD_RUNPATH_SEARCH_PATHS[sdk=macosx*]" = "@executable_path/../Frameworks";
				MACOSX_DEPLOYMENT_TARGET = 26.1;
				MARKETING_VERSION = 1.0;
				PRODUCT_BUNDLE_IDENTIFIER = Fongo.AutorotaAppTests;
				PRODUCT_NAME = "$(TARGET_NAME)";
				SDKROOT = auto;
				SUPPORTED_PLATFORMS = "iphoneos iphonesimulator macosx";
				SWIFT_APPROACHABLE_CONCURRENCY = YES;
				SWIFT_DEFAULT_ACTOR_ISOLATION = MainActor;
				SWIFT_EMIT_LOC_STRINGS = NO;
				SWIFT_VERSION = 5.0;
				TARGETED_DEVICE_FAMILY = "1,2,7";
				TEST_HOST = "$(BUILT_PRODUCTS_DIR)/AutorotaApp.app/$(BUNDLE_EXECUTABLE_FOLDER_PATH)/AutorotaApp";
				XROS_DEPLOYMENT_TARGET = 26.2;
			};
			name = Release;
		};
/* End XCBuildConfiguration section */

/* Begin XCConfigurationList section */
		5B874E1E2F9D8A3E0009F1AA /* Build configuration list for PBXNativeTarget "AutorotaAppPerfTests" */ = {
			isa = XCConfigurationList;
			buildConfigurations = (
				5B874E1F2F9D8A3E0009F1AA /* Debug */,
				5B874E202F9D8A3E0009F1AA /* Release */,
			);
			defaultConfigurationIsVisible = 0;
			defaultConfigurationName = Release;
		};
		5B9674FF2F7205E900205001 /* Build configuration list for PBXProject "AutorotaApp" */ = {
			isa = XCConfigurationList;
			buildConfigurations = (
				5B96750D2F7205EA00205001 /* Debug */,
				5B96750E2F7205EA00205001 /* Release */,
			);
			defaultConfigurationIsVisible = 0;
			defaultConfigurationName = Release;
		};
		5B96750F2F7205EA00205001 /* Build configuration list for PBXNativeTarget "AutorotaApp" */ = {
			isa = XCConfigurationList;
			buildConfigurations = (
				5B9675102F7205EA00205001 /* Debug */,
				5B9675112F7205EA00205001 /* Release */,
			);
			defaultConfigurationIsVisible = 0;
			defaultConfigurationName = Release;
		};
		CC0002092F80000000205001 /* Build configuration list for PBXNativeTarget "AutorotaAppTests" */ = {
			isa = XCConfigurationList;
			buildConfigurations = (
				CC00020C2F80000000205001 /* Debug */,
				CC00020D2F80000000205001 /* Release */,
			);
			defaultConfigurationIsVisible = 0;
			defaultConfigurationName = Release;
		};
/* End XCConfigurationList section */

/* Begin XCLocalSwiftPackageReference section */
		5B9675122F72071C00205001 /* XCLocalSwiftPackageReference "../../AutorotaKit" */ = {
			isa = XCLocalSwiftPackageReference;
			relativePath = ../../AutorotaKit;
		};
/* End XCLocalSwiftPackageReference section */

/* Begin XCSwiftPackageProductDependency section */
		5B9675132F72071C00205001 /* AutorotaKit */ = {
			isa = XCSwiftPackageProductDependency;
			productName = AutorotaKit;
		};
/* End XCSwiftPackageProductDependency section */
	};
	rootObject = 5B9674FC2F7205E900205001 /* Project object */;
}
